# This file is automatically @generated by Poetry 1.7.1 and should not be changed by hand.
# Run `poetry lock` to regenerate this file with actual dependencies.

[[package]]
name = "placeholder"
version = "0.0.0"
description = "Placeholder - run 'poetry lock' to generate actual lock file"
optional = false
python-versions = ">=3.11"

[metadata]
lock-version = "2.0"
python-versions = "^3.11"
content-hash = "placeholder"

